// !$*UTF8*$!
{
	archiveVersion = 1;
	classes = {
	};
	objectVersion = 55;
	objects = {

/* Begin PBXBuildFile section */
		44368DBD297D4F58006F7649 /* SolutionViewController.swift in Sources */ = {isa = PBXBuildFile; fileRef = 44368DBC297D4F58006F7649 /* SolutionViewController.swift */; };
		44368DD9297F494D006F7649 /* completeViewController.swift in Sources */ = {isa = PBXBuildFile; fileRef = 44368DD8297F494D006F7649 /* completeViewController.swift */; };
		444709DC27ABE915000AB308 /* AppDelegate.swift in Sources */ = {isa = PBXBuildFile; fileRef = 444709DB27ABE915000AB308 /* AppDelegate.swift */; };
		444709DE27ABE915000AB308 /* SceneDelegate.swift in Sources */ = {isa = PBXBuildFile; fileRef = 444709DD27ABE915000AB308 /* SceneDelegate.swift */; };
		444709E027ABE915000AB308 /* SpeedSolveViewController.swift in Sources */ = {isa = PBXBuildFile; fileRef = 444709DF27ABE915000AB308 /* SpeedSolveViewController.swift */; };
		444709E327ABE915000AB308 /* Main.storyboard in Resources */ = {isa = PBXBuildFile; fileRef = 444709E127ABE915000AB308 /* Main.storyboard */; };
		444709E527ABE916000AB308 /* Assets.xcassets in Resources */ = {isa = PBXBuildFile; fileRef = 444709E427ABE916000AB308 /* Assets.xcassets */; };
		444709E827ABE916000AB308 /* LaunchScreen.storyboard in Resources */ = {isa = PBXBuildFile; fileRef = 444709E627ABE916000AB308 /* LaunchScreen.storyboard */; };
		444709F027AC4C9B000AB308 /* Assigning Letters.swift in Sources */ = {isa = PBXBuildFile; fileRef = 444709EF27AC4C9B000AB308 /* Assigning Letters.swift */; };
		444709F227AC9E02000AB308 /* Dictionaries.swift in Sources */ = {isa = PBXBuildFile; fileRef = 444709F127AC9E02000AB308 /* Dictionaries.swift */; };
		44C64B382979B9600094CE6A /* MenuViewController.swift in Sources */ = {isa = PBXBuildFile; fileRef = 44C64B372979B9600094CE6A /* MenuViewController.swift */; };
/* End PBXBuildFile section */

/* Begin PBXFileReference section */
		44368DBC297D4F58006F7649 /* SolutionViewController.swift */ = {isa = PBXFileReference; lastKnownFileType = sourcecode.swift; path = SolutionViewController.swift; sourceTree = "<group>"; };
		44368DD8297F494D006F7649 /* completeViewController.swift */ = {isa = PBXFileReference; lastKnownFileType = sourcecode.swift; path = completeViewController.swift; sourceTree = "<group>"; };
		444709D827ABE915000AB308 /* SpeedSolve.app */ = {isa = PBXFileReference; explicitFileType = wrapper.application; includeInIndex = 0; path = SpeedSolve.app; sourceTree = BUILT_PRODUCTS_DIR; };
		444709DB27ABE915000AB308 /* AppDelegate.swift */ = {isa = PBXFileReference; lastKnownFileType = sourcecode.swift; path = AppDelegate.swift; sourceTree = "<group>"; };
		444709DD27ABE915000AB308 /* SceneDelegate.swift */ = {isa = PBXFileReference; lastKnownFileType = sourcecode.swift; path = SceneDelegate.swift; sourceTree = "<group>"; };
		444709DF27ABE915000AB308 /* SpeedSolveViewController.swift */ = {isa = PBXFileReference; lastKnownFileType = sourcecode.swift; path = SpeedSolveViewController.swift; sourceTree = "<group>"; };
		444709E227ABE915000AB308 /* Base */ = {isa = PBXFileReference; lastKnownFileType = file.storyboard; name = Base; path = Base.lproj/Main.storyboard; sourceTree = "<group>"; };
		444709E427ABE916000AB308 /* Assets.xcassets */ = {isa = PBXFileReference; lastKnownFileType = folder.assetcatalog; path = Assets.xcassets; sourceTree = "<group>"; };
		444709E727ABE916000AB308 /* Base */ = {isa = PBXFileReference; lastKnownFileType = file.storyboard; name = Base; path = Base.lproj/LaunchScreen.storyboard; sourceTree = "<group>"; };
		444709E927ABE916000AB308 /* Info.plist */ = {isa = PBXFileReference; lastKnownFileType = text.plist.xml; path = Info.plist; sourceTree = "<group>"; };
		444709EF27AC4C9B000AB308 /* Assigning Letters.swift */ = {isa = PBXFileReference; lastKnownFileType = sourcecode.swift; path = "Assigning Letters.swift"; sourceTree = "<group>"; };
		444709F127AC9E02000AB308 /* Dictionaries.swift */ = {isa = PBXFileReference; fileEncoding = 4; lastKnownFileType = sourcecode.swift; path = Dictionaries.swift; sourceTree = "<group>"; };
		44C64B372979B9600094CE6A /* MenuViewController.swift */ = {isa = PBXFileReference; lastKnownFileType = sourcecode.swift; path = MenuViewController.swift; sourceTree = "<group>"; };
/* End PBXFileReference section */

/* Begin PBXFrameworksBuildPhase section */
		444709D527ABE915000AB308 /* Frameworks */ = {
			isa = PBXFrameworksBuildPhase;
			buildActionMask = 2147483647;
			files = (
			);
			runOnlyForDeploymentPostprocessing = 0;
		};
/* End PBXFrameworksBuildPhase section */

/* Begin PBXGroup section */
		444709CF27ABE915000AB308 = {
			isa = PBXGroup;
			children = (
				444709DA27ABE915000AB308 /* SpeedSolve */,
				444709D927ABE915000AB308 /* Products */,
			);
			sourceTree = "<group>";
		};
		444709D927ABE915000AB308 /* Products */ = {
			isa = PBXGroup;
			children = (
				444709D827ABE915000AB308 /* SpeedSolve.app */,
			);
			name = Products;
			sourceTree = "<group>";
		};
		444709DA27ABE915000AB308 /* SpeedSolve */ = {
			isa = PBXGroup;
			children = (
				444709DB27ABE915000AB308 /* AppDelegate.swift */,
				444709DD27ABE915000AB308 /* SceneDelegate.swift */,
				444709EF27AC4C9B000AB308 /* Assigning Letters.swift */,
				444709DF27ABE915000AB308 /* SpeedSolveViewController.swift */,
				44C64B372979B9600094CE6A /* MenuViewController.swift */,
				44368DBC297D4F58006F7649 /* SolutionViewController.swift */,
				44368DD8297F494D006F7649 /* completeViewController.swift */,
				444709F127AC9E02000AB308 /* Dictionaries.swift */,
				444709E127ABE915000AB308 /* Main.storyboard */,
				444709E427ABE916000AB308 /* Assets.xcassets */,
				444709E627ABE916000AB308 /* LaunchScreen.storyboard */,
				444709E927ABE916000AB308 /* Info.plist */,
			);
			path = SpeedSolve;
			sourceTree = "<group>";
		};
/* End PBXGroup section */

/* Begin PBXNativeTarget section */
		444709D727ABE915000AB308 /* SpeedSolve */ = {
			isa = PBXNativeTarget;
			buildConfigurationList = 444709EC27ABE916000AB308 /* Build configuration list for PBXNativeTarget "SpeedSolve" */;
			buildPhases = (
				444709D427ABE915000AB308 /* Sources */,
				444709D527ABE915000AB308 /* Frameworks */,
				444709D627ABE915000AB308 /* Resources */,
			);
			buildRules = (
			);
			dependencies = (
			);
			name = SpeedSolve;
			productName = SpeedSolve;
			productReference = 444709D827ABE915000AB308 /* SpeedSolve.app */;
			productType = "com.apple.product-type.application";
		};
/* End PBXNativeTarget section */

/* Begin PBXProject section */
		444709D027ABE915000AB308 /* Project object */ = {
			isa = PBXProject;
			attributes = {
				BuildIndependentTargetsInParallel = 1;
				LastSwiftUpdateCheck = 1320;
				LastUpgradeCheck = 1320;
				TargetAttributes = {
					444709D727ABE915000AB308 = {
						CreatedOnToolsVersion = 13.2.1;
					};
				};
			};
			buildConfigurationList = 444709D327ABE915000AB308 /* Build configuration list for PBXProject "SpeedSolve" */;
			compatibilityVersion = "Xcode 13.0";
			developmentRegion = en;
			hasScannedForEncodings = 0;
			knownRegions = (
				en,
				Base,
			);
			mainGroup = 444709CF27ABE915000AB308;
			productRefGroup = 444709D927ABE915000AB308 /* Products */;
			projectDirPath = "";
			projectRoot = "";
			targets = (
				444709D727ABE915000AB308 /* SpeedSolve */,
			);
		};
/* End PBXProject section */

/* Begin PBXResourcesBuildPhase section */
		444709D627ABE915000AB308 /* Resources */ = {
			isa = PBXResourcesBuildPhase;
			buildActionMask = 2147483647;
			files = (
				444709E827ABE916000AB308 /* LaunchScreen.storyboard in Resources */,
				444709E527ABE916000AB308 /* Assets.xcassets in Resources */,
				444709E327ABE915000AB308 /* Main.storyboard in Resources */,
			);
			runOnlyForDeploymentPostprocessing = 0;
		};
/* End PBXResourcesBuildPhase section */

/* Begin PBXSourcesBuildPhase section */
		444709D427ABE915000AB308 /* Sources */ = {
			isa = PBXSourcesBuildPhase;
			buildActionMask = 2147483647;
			files = (
				44C64B382979B9600094CE6A /* MenuViewController.swift in Sources */,
				44368DBD297D4F58006F7649 /* SolutionViewController.swift in Sources */,
				444709F027AC4C9B000AB308 /* Assigning Letters.swift in Sources */,
				444709F227AC9E02000AB308 /* Dictionaries.swift in Sources */,
				444709E027ABE915000AB308 /* SpeedSolveViewController.swift in Sources */,
				444709DC27ABE915000AB308 /* AppDelegate.swift in Sources */,
				444709DE27ABE915000AB308 /* SceneDelegate.swift in Sources */,
				44368DD9297F494D006F7649 /* completeViewController.swift in Sources */,
			);
			runOnlyForDeploymentPostprocessing = 0;
		};
/* End PBXSourcesBuildPhase section */

/* Begin PBXVariantGroup section */
		444709E127ABE915000AB308 /* Main.storyboard */ = {
			isa = PBXVariantGroup;
			children = (
				444709E227ABE915000AB308 /* Base */,
			);
			name = Main.storyboard;
			sourceTree = "<group>";
		};
		444709E627ABE916000AB308 /* LaunchScreen.storyboard */ = {
			isa = PBXVariantGroup;
			children = (
				444709E727ABE916000AB308 /* Base */,
			);
			name = LaunchScreen.storyboard;
			sourceTree = "<group>";
		};
/* End PBXVariantGroup section */

/* Begin XCBuildConfiguration section */
		444709EA27ABE916000AB308 /* Debug */ = {
			isa = XCBuildConfiguration;
			buildSettings = {
				ALWAYS_SEARCH_USER_PATHS = NO;
				CLANG_ANALYZER_NONNULL = YES;
				CLANG_ANALYZER_NUMBER_OBJECT_CONVERSION = YES_AGGRESSIVE;
				CLANG_CXX_LANGUAGE_STANDARD = "gnu++17";
				CLANG_CXX_LIBRARY = "libc++";
				CLANG_ENABLE_MODULES = YES;
				CLANG_ENABLE_OBJC_ARC = YES;
				CLANG_ENABLE_OBJC_WEAK = YES;
				CLANG_WARN_BLOCK_CAPTURE_AUTORELEASING = YES;
				CLANG_WARN_BOOL_CONVERSION = YES;
				CLANG_WARN_COMMA = YES;
				CLANG_WARN_CONSTANT_CONVERSION = YES;
				CLANG_WARN_DEPRECATED_OBJC_IMPLEMENTATIONS = YES;
				CLANG_WARN_DIRECT_OBJC_ISA_USAGE = YES_ERROR;
				CLANG_WARN_DOCUMENTATION_COMMENTS = YES;
				CLANG_WARN_EMPTY_BODY = YES;
				CLANG_WARN_ENUM_CONVERSION = YES;
				CLANG_WARN_INFINITE_RECURSION = YES;
				CLANG_WARN_INT_CONVERSION = YES;
				CLANG_WARN_NON_LITERAL_NULL_CONVERSION = YES;
				CLANG_WARN_OBJC_IMPLICIT_RETAIN_SELF = YES;
				CLANG_WARN_OBJC_LITERAL_CONVERSION = YES;
				CLANG_WARN_OBJC_ROOT_CLASS = YES_ERROR;
				CLANG_WARN_QUOTED_INCLUDE_IN_FRAMEWORK_HEADER = YES;
				CLANG_WARN_RANGE_LOOP_ANALYSIS = YES;
				CLANG_WARN_STRICT_PROTOTYPES = YES;
				CLANG_WARN_SUSPICIOUS_MOVE = YES;
				CLANG_WARN_UNGUARDED_AVAILABILITY = YES_AGGRESSIVE;
				CLANG_WARN_UNREACHABLE_CODE = YES;
				CLANG_WARN__DUPLICATE_METHOD_MATCH = YES;
				COPY_PHASE_STRIP = NO;
				DEBUG_INFORMATION_FORMAT = dwarf;
				ENABLE_STRICT_OBJC_MSGSEND = YES;
				ENABLE_TESTABILITY = YES;
				GCC_C_LANGUAGE_STANDARD = gnu11;
				GCC_DYNAMIC_NO_PIC = NO;
				GCC_NO_COMMON_BLOCKS = YES;
				GCC_OPTIMIZATION_LEVEL = 0;
				GCC_PREPROCESSOR_DEFINITIONS = (
					"DEBUG=1",
					"$(inherited)",
				);
				GCC_WARN_64_TO_32_BIT_CONVERSION = YES;
				GCC_WARN_ABOUT_RETURN_TYPE = YES_ERROR;
				GCC_WARN_UNDECLARED_SELECTOR = YES;
				GCC_WARN_UNINITIALIZED_AUTOS = YES_AGGRESSIVE;
				GCC_WARN_UNUSED_FUNCTION = YES;
				GCC_WARN_UNUSED_VARIABLE = YES;
				IPHONEOS_DEPLOYMENT_TARGET = 15.6;
				MTL_ENABLE_DEBUG_INFO = INCLUDE_SOURCE;
				MTL_FAST_MATH = YES;
				ONLY_ACTIVE_ARCH = YES;
				SDKROOT = iphoneos;
				SWIFT_ACTIVE_COMPILATION_CONDITIONS = DEBUG;
				SWIFT_OPTIMIZATION_LEVEL = "-Onone";
			};
			name = Debug;
		};
		444709EB27ABE916000AB308 /* Release */ = {
			isa = XCBuildConfiguration;
			buildSettings = {
				ALWAYS_SEARCH_USER_PATHS = NO;
				CLANG_ANALYZER_NONNULL = YES;
				CLANG_ANALYZER_NUMBER_OBJECT_CONVERSION = YES_AGGRESSIVE;
				CLANG_CXX_LANGUAGE_STANDARD = "gnu++17";
				CLANG_CXX_LIBRARY = "libc++";
				CLANG_ENABLE_MODULES = YES;
				CLANG_ENABLE_OBJC_ARC = YES;
				CLANG_ENABLE_OBJC_WEAK = YES;
				CLANG_WARN_BLOCK_CAPTURE_AUTORELEASING = YES;
				CLANG_WARN_BOOL_CONVERSION = YES;
				CLANG_WARN_COMMA = YES;
				CLANG_WARN_CONSTANT_CONVERSION = YES;
				CLANG_WARN_DEPRECATED_OBJC_IMPLEMENTATIONS = YES;
				CLANG_WARN_DIRECT_OBJC_ISA_USAGE = YES_ERROR;
				CLANG_WARN_DOCUMENTATION_COMMENTS = YES;
				CLANG_WARN_EMPTY_BODY = YES;
				CLANG_WARN_ENUM_CONVERSION = YES;
				CLANG_WARN_INFINITE_RECURSION = YES;
				CLANG_WARN_INT_CONVERSION = YES;
				CLANG_WARN_NON_LITERAL_NULL_CONVERSION = YES;
				CLANG_WARN_OBJC_IMPLICIT_RETAIN_SELF = YES;
				CLANG_WARN_OBJC_LITERAL_CONVERSION = YES;
				CLANG_WARN_OBJC_ROOT_CLASS = YES_ERROR;
				CLANG_WARN_QUOTED_INCLUDE_IN_FRAMEWORK_HEADER = YES;
				CLANG_WARN_RANGE_LOOP_ANALYSIS = YES;
				CLANG_WARN_STRICT_PROTOTYPES = YES;
				CLANG_WARN_SUSPICIOUS_MOVE = YES;
				CLANG_WARN_UNGUARDED_AVAILABILITY = YES_AGGRESSIVE;
				CLANG_WARN_UNREACHABLE_CODE = YES;
				CLANG_WARN__DUPLICATE_METHOD_MATCH = YES;
				COPY_PHASE_STRIP = NO;
				DEBUG_INFORMATION_FORMAT = "dwarf-with-dsym";
				ENABLE_NS_ASSERTIONS = NO;
				ENABLE_STRICT_OBJC_MSGSEND = YES;
				GCC_C_LANGUAGE_STANDARD = gnu11;
				GCC_NO_COMMON_BLOCKS = YES;
				GCC_WARN_64_TO_32_BIT_CONVERSION = YES;
				GCC_WARN_ABOUT_RETURN_TYPE = YES_ERROR;
				GCC_WARN_UNDECLARED_SELECTOR = YES;
				GCC_WARN_UNINITIALIZED_AUTOS = YES_AGGRESSIVE;
				GCC_WARN_UNUSED_FUNCTION = YES;
				GCC_WARN_UNUSED_VARIABLE = YES;
				IPHONEOS_DEPLOYMENT_TARGET = 15.6;
				MTL_ENABLE_DEBUG_INFO = NO;
				MTL_FAST_MATH = YES;
				SDKROOT = iphoneos;
				SWIFT_COMPILATION_MODE = wholemodule;
				SWIFT_OPTIMIZATION_LEVEL = "-O";
				VALIDATE_PRODUCT = YES;
			};
			name = Release;
		};
		444709ED27ABE916000AB308 /* Debug */ = {
			isa = XCBuildConfiguration;
			buildSettings = {
				ASSETCATALOG_COMPILER_APPICON_NAME = AppIcon;
				ASSETCATALOG_COMPILER_GLOBAL_ACCENT_COLOR_NAME = AccentColor;
				CODE_SIGN_STYLE = Automatic;
				CURRENT_PROJECT_VERSION = 1;
				DEVELOPMENT_TEAM = Z92W3YQUN3;
				GENERATE_INFOPLIST_FILE = YES;
				INFOPLIST_FILE = SpeedSolve/Info.plist;
				INFOPLIST_KEY_UIApplicationSupportsIndirectInputEvents = YES;
				INFOPLIST_KEY_UILaunchStoryboardName = LaunchScreen;
				INFOPLIST_KEY_UIMainStoryboardFile = Main;
				INFOPLIST_KEY_UISupportedInterfaceOrientations = UIInterfaceOrientationPortrait;
				IPHONEOS_DEPLOYMENT_TARGET = 15.0;
				LD_RUNPATH_SEARCH_PATHS = (
					"$(inherited)",
					"@executable_path/Frameworks",
				);
				MARKETING_VERSION = 1.0;
				PRODUCT_BUNDLE_IDENTIFIER = com.wordsandnumbers.SpeedSolve;
				PRODUCT_NAME = "$(TARGET_NAME)";
				SWIFT_EMIT_LOC_STRINGS = YES;
				SWIFT_VERSION = 5.0;
				TARGETED_DEVICE_FAMILY = "1,2";
			};
			name = Debug;
		};
		444709EE27ABE916000AB308 /* Release */ = {
			isa = XCBuildConfiguration;
			buildSettings = {
				ASSETCATALOG_COMPILER_APPICON_NAME = AppIcon;
				ASSETCATALOG_COMPILER_GLOBAL_ACCENT_COLOR_NAME = AccentColor;
				CODE_SIGN_STYLE = Automatic;
				CURRENT_PROJECT_VERSION = 1;
				DEVELOPMENT_TEAM = Z92W3YQUN3;
				GENERATE_INFOPLIST_FILE = YES;
				INFOPLIST_FILE = SpeedSolve/Info.plist;
				INFOPLIST_KEY_UIApplicationSupportsIndirectInputEvents = YES;
				INFOPLIST_KEY_UILaunchStoryboardName = LaunchScreen;
				INFOPLIST_KEY_UIMainStoryboardFile = Main;
				INFOPLIST_KEY_UISupportedInterfaceOrientations = UIInterfaceOrientationPortrait;
				IPHONEOS_DEPLOYMENT_TARGET = 15.0;
				LD_RUNPATH_SEARCH_PATHS = (
					"$(inherited)",
					"@executable_path/Frameworks",
				);
				MARKETING_VERSION = 1.0;
				PRODUCT_BUNDLE_IDENTIFIER = com.wordsandnumbers.SpeedSolve;
				PRODUCT_NAME = "$(TARGET_NAME)";
				SWIFT_EMIT_LOC_STRINGS = YES;
				SWIFT_VERSION = 5.0;
				TARGETED_DEVICE_FAMILY = "1,2";
			};
			name = Release;
		};
/* End XCBuildConfiguration section */

/* Begin XCConfigurationList section */
		444709D327ABE915000AB308 /* Build configuration list for PBXProject "SpeedSolve" */ = {
			isa = XCConfigurationList;
			buildConfigurations = (
				444709EA27ABE916000AB308 /* Debug */,
				444709EB27ABE916000AB308 /* Release */,
			);
			defaultConfigurationIsVisible = 0;
			defaultConfigurationName = Release;
		};
		444709EC27ABE916000AB308 /* Build configuration list for PBXNativeTarget "SpeedSolve" */ = {
			isa = XCConfigurationList;
			buildConfigurations = (
				444709ED27ABE916000AB308 /* Debug */,
				444709EE27ABE916000AB308 /* Release */,
			);
			defaultConfigurationIsVisible = 0;
			defaultConfigurationName = Release;
		};
/* End XCConfigurationList section */
	};
	rootObject = 444709D027ABE915000AB308 /* Project object */;
}
